
Microsoft Visual Studio Solution File, Format Version 12.00
# Visual Studio Version 16
VisualStudioVersion = 16.0.30204.135
MinimumVisualStudioVersion = 10.0.40219.1
Project("{9A19103F-16F7-4668-BE54-9A1E7A4F7556}") = "WebApplication16", "WebApplication16\WebApplication16.csproj", "{68EE9B06-5722-4B17-A676-4D4C9D486145}"
EndProject
Project("{9A19103F-16F7-4668-BE54-9A1E7A4F7556}") = "WebClient", "WebClient\WebClient.csproj", "{6EF381B6-985F-4764-AAE7-94DE95F6770F}"
EndProject
Project("{9A19103F-16F7-4668-BE54-9A1E7A4F7556}") = "WebClient2", "WebClient2\WebClient2.csproj", "{5271BBEB-502B-4F06-98B9-EE8075332594}"
EndProject
Global
	GlobalSection(SolutionConfigurationPlatforms) = preSolution
		Debug|Any CPU = Debug|Any CPU
		Release|Any CPU = Release|Any CPU
	EndGlobalSection
	GlobalSection(ProjectConfigurationPlatforms) = postSolution
		{68EE9B06-5722-4B17-A676-4D4C9D486145}.Debug|Any CPU.ActiveCfg = Debug|Any CPU
		{68EE9B06-5722-4B17-A676-4D4C9D486145}.Debug|Any CPU.Build.0 = Debug|Any CPU
		{68EE9B06-5722-4B17-A676-4D4C9D486145}.Release|Any CPU.ActiveCfg = Release|Any CPU
		{68EE9B06-5722-4B17-A676-4D4C9D486145}.Release|Any CPU.Build.0 = Release|Any CPU
		{6EF381B6-985F-4764-AAE7-94DE95F6770F}.Debug|Any CPU.ActiveCfg = Debug|Any CPU
		{6EF381B6-985F-4764-AAE7-94DE95F6770F}.Debug|Any CPU.Build.0 = Debug|Any CPU
		{6EF381B6-985F-4764-AAE7-94DE95F6770F}.Release|Any CPU.ActiveCfg = Release|Any CPU
		{6EF381B6-985F-4764-AAE7-94DE95F6770F}.Release|Any CPU.Build.0 = Release|Any CPU
		{5271BBEB-502B-4F06-98B9-EE8075332594}.Debug|Any CPU.ActiveCfg = Debug|Any CPU
		{5271BBEB-502B-4F06-98B9-EE8075332594}.Debug|Any CPU.Build.0 = Debug|Any CPU
		{5271BBEB-502B-4F06-98B9-EE8075332594}.Release|Any CPU.ActiveCfg = Release|Any CPU
		{5271BBEB-502B-4F06-98B9-EE8075332594}.Release|Any CPU.Build.0 = Release|Any CPU
	EndGlobalSection
	GlobalSection(SolutionProperties) = preSolution
		HideSolutionNode = FALSE
	EndGlobalSection
	GlobalSection(ExtensibilityGlobals) = postSolution
		SolutionGuid = {DB00CEAD-08AD-4AAC-A5CA-DE707E30C01F}
	EndGlobalSection
EndGlobal
